// !$*UTF8*$!
{
	archiveVersion = 1;
	classes = {
	};
	objectVersion = 50;
	objects = {

/* Begin PBXBuildFile section */
		84D4ACFE2253F789008A0030 /* MenuController.swift in Sources */ = {isa = PBXBuildFile; fileRef = 84D4ACFD2253F789008A0030 /* MenuController.swift */; };
		84D4AD002253F859008A0030 /* ALaCarteController.swift in Sources */ = {isa = PBXBuildFile; fileRef = 84D4ACFF2253F859008A0030 /* ALaCarteController.swift */; };
		84D4AD022253FD3C008A0030 /* MonTabBar.swift in Sources */ = {isa = PBXBuildFile; fileRef = 84D4AD012253FD3C008A0030 /* MonTabBar.swift */; };
		84D4AD052253FDD0008A0030 /* Constantes.swift in Sources */ = {isa = PBXBuildFile; fileRef = 84D4AD042253FDD0008A0030 /* Constantes.swift */; };
		84D4AD0722540081008A0030 /* MonNav.swift in Sources */ = {isa = PBXBuildFile; fileRef = 84D4AD0622540081008A0030 /* MonNav.swift */; };
		84F9164F222FEC5D004CCE93 /* AppDelegate.swift in Sources */ = {isa = PBXBuildFile; fileRef = 84F9164E222FEC5D004CCE93 /* AppDelegate.swift */; };
		84F91654222FEC5D004CCE93 /* Main.storyboard in Resources */ = {isa = PBXBuildFile; fileRef = 84F91652222FEC5D004CCE93 /* Main.storyboard */; };
		84F91656222FEC5F004CCE93 /* Assets.xcassets in Resources */ = {isa = PBXBuildFile; fileRef = 84F91655222FEC5F004CCE93 /* Assets.xcassets */; };
		84F91659222FEC5F004CCE93 /* LaunchScreen.storyboard in Resources */ = {isa = PBXBuildFile; fileRef = 84F91657222FEC5F004CCE93 /* LaunchScreen.storyboard */; };
/* End PBXBuildFile section */

/* Begin PBXFileReference section */
		84D4ACFD2253F789008A0030 /* MenuController.swift */ = {isa = PBXFileReference; lastKnownFileType = sourcecode.swift; path = MenuController.swift; sourceTree = "<group>"; };
		84D4ACFF2253F859008A0030 /* ALaCarteController.swift */ = {isa = PBXFileReference; lastKnownFileType = sourcecode.swift; path = ALaCarteController.swift; sourceTree = "<group>"; };
		84D4AD012253FD3C008A0030 /* MonTabBar.swift */ = {isa = PBXFileReference; lastKnownFileType = sourcecode.swift; path = MonTabBar.swift; sourceTree = "<group>"; };
		84D4AD042253FDD0008A0030 /* Constantes.swift */ = {isa = PBXFileReference; lastKnownFileType = sourcecode.swift; path = Constantes.swift; sourceTree = "<group>"; };
		84D4AD0622540081008A0030 /* MonNav.swift */ = {isa = PBXFileReference; lastKnownFileType = sourcecode.swift; path = MonNav.swift; sourceTree = "<group>"; };
		84F9164B222FEC5D004CCE93 /* MonRestoDuMonde.app */ = {isa = PBXFileReference; explicitFileType = wrapper.application; includeInIndex = 0; path = MonRestoDuMonde.app; sourceTree = BUILT_PRODUCTS_DIR; };
		84F9164E222FEC5D004CCE93 /* AppDelegate.swift */ = {isa = PBXFileReference; lastKnownFileType = sourcecode.swift; path = AppDelegate.swift; sourceTree = "<group>"; };
		84F91653222FEC5D004CCE93 /* Base */ = {isa = PBXFileReference; lastKnownFileType = file.storyboard; name = Base; path = Base.lproj/Main.storyboard; sourceTree = "<group>"; };
		84F91655222FEC5F004CCE93 /* Assets.xcassets */ = {isa = PBXFileReference; lastKnownFileType = folder.assetcatalog; path = Assets.xcassets; sourceTree = "<group>"; };
		84F91658222FEC5F004CCE93 /* Base */ = {isa = PBXFileReference; lastKnownFileType = file.storyboard; name = Base; path = Base.lproj/LaunchScreen.storyboard; sourceTree = "<group>"; };
		84F9165A222FEC5F004CCE93 /* Info.plist */ = {isa = PBXFileReference; lastKnownFileType = text.plist.xml; path = Info.plist; sourceTree = "<group>"; };
/* End PBXFileReference section */

/* Begin PBXFrameworksBuildPhase section */
		84F91648222FEC5D004CCE93 /* Frameworks */ = {
			isa = PBXFrameworksBuildPhase;
			buildActionMask = 2147483647;
			files = (
			);
			runOnlyForDeploymentPostprocessing = 0;
		};
/* End PBXFrameworksBuildPhase section */

/* Begin PBXGroup section */
		8449EFC42248232E003CDE42 /* Modele */ = {
			isa = PBXGroup;
			children = (
			);
			path = Modele;
			sourceTree = "<group>";
		};
		8449EFC52248237A003CDE42 /* Vue */ = {
			isa = PBXGroup;
			children = (
			);
			path = Vue;
			sourceTree = "<group>";
		};
		8449EFC622482386003CDE42 /* Controller */ = {
			isa = PBXGroup;
			children = (
				84D4ACFD2253F789008A0030 /* MenuController.swift */,
				84D4ACFF2253F859008A0030 /* ALaCarteController.swift */,
				84D4AD012253FD3C008A0030 /* MonTabBar.swift */,
				84D4AD0622540081008A0030 /* MonNav.swift */,
			);
			path = Controller;
			sourceTree = "<group>";
		};
		84D4AD032253FD84008A0030 /* Utilitaires */ = {
			isa = PBXGroup;
			children = (
				84D4AD042253FDD0008A0030 /* Constantes.swift */,
			);
			path = Utilitaires;
			sourceTree = "<group>";
		};
		84F91642222FEC5D004CCE93 = {
			isa = PBXGroup;
			children = (
				84F9164D222FEC5D004CCE93 /* MonRestoDuMonde */,
				84F9164C222FEC5D004CCE93 /* Products */,
			);
			sourceTree = "<group>";
		};
		84F9164C222FEC5D004CCE93 /* Products */ = {
			isa = PBXGroup;
			children = (
				84F9164B222FEC5D004CCE93 /* MonRestoDuMonde.app */,
			);
			name = Products;
			sourceTree = "<group>";
		};
		84F9164D222FEC5D004CCE93 /* MonRestoDuMonde */ = {
			isa = PBXGroup;
			children = (
				84D4AD032253FD84008A0030 /* Utilitaires */,
				8449EFC42248232E003CDE42 /* Modele */,
				8449EFC52248237A003CDE42 /* Vue */,
				8449EFC622482386003CDE42 /* Controller */,
				84F9164E222FEC5D004CCE93 /* AppDelegate.swift */,
				84F91652222FEC5D004CCE93 /* Main.storyboard */,
				84F91655222FEC5F004CCE93 /* Assets.xcassets */,
				84F91657222FEC5F004CCE93 /* LaunchScreen.storyboard */,
				84F9165A222FEC5F004CCE93 /* Info.plist */,
			);
			path = MonRestoDuMonde;
			sourceTree = "<group>";
		};
/* End PBXGroup section */

/* Begin PBXNativeTarget section */
		84F9164A222FEC5D004CCE93 /* MonRestoDuMonde */ = {
			isa = PBXNativeTarget;
			buildConfigurationList = 84F9165D222FEC5F004CCE93 /* Build configuration list for PBXNativeTarget "MonRestoDuMonde" */;
			buildPhases = (
				84F91647222FEC5D004CCE93 /* Sources */,
				84F91648222FEC5D004CCE93 /* Frameworks */,
				84F91649222FEC5D004CCE93 /* Resources */,
			);
			buildRules = (
			);
			dependencies = (
			);
			name = MonRestoDuMonde;
			productName = MonRestoDuMonde;
			productReference = 84F9164B222FEC5D004CCE93 /* MonRestoDuMonde.app */;
			productType = "com.apple.product-type.application";
		};
/* End PBXNativeTarget section */

/* Begin PBXProject section */
		84F91643222FEC5D004CCE93 /* Project object */ = {
			isa = PBXProject;
			attributes = {
				LastSwiftUpdateCheck = 0940;
				LastUpgradeCheck = 0940;
				ORGANIZATIONNAME = admin;
				TargetAttributes = {
					84F9164A222FEC5D004CCE93 = {
						CreatedOnToolsVersion = 9.4.1;
					};
				};
			};
			buildConfigurationList = 84F91646222FEC5D004CCE93 /* Build configuration list for PBXProject "MonRestoDuMonde" */;
			compatibilityVersion = "Xcode 9.3";
			developmentRegion = en;
			hasScannedForEncodings = 0;
			knownRegions = (
				en,
				Base,
			);
			mainGroup = 84F91642222FEC5D004CCE93;
			productRefGroup = 84F9164C222FEC5D004CCE93 /* Products */;
			projectDirPath = "";
			projectRoot = "";
			targets = (
				84F9164A222FEC5D004CCE93 /* MonRestoDuMonde */,
			);
		};
/* End PBXProject section */

/* Begin PBXResourcesBuildPhase section */
		84F91649222FEC5D004CCE93 /* Resources */ = {
			isa = PBXResourcesBuildPhase;
			buildActionMask = 2147483647;
			files = (
				84F91659222FEC5F004CCE93 /* LaunchScreen.storyboard in Resources */,
				84F91656222FEC5F004CCE93 /* Assets.xcassets in Resources */,
				84F91654222FEC5D004CCE93 /* Main.storyboard in Resources */,
			);
			runOnlyForDeploymentPostprocessing = 0;
		};
/* End PBXResourcesBuildPhase section */

/* Begin PBXSourcesBuildPhase section */
		84F91647222FEC5D004CCE93 /* Sources */ = {
			isa = PBXSourcesBuildPhase;
			buildActionMask = 2147483647;
			files = (
				84D4AD052253FDD0008A0030 /* Constantes.swift in Sources */,
				84D4AD022253FD3C008A0030 /* MonTabBar.swift in Sources */,
				84D4AD0722540081008A0030 /* MonNav.swift in Sources */,
				84D4ACFE2253F789008A0030 /* MenuController.swift in Sources */,
				84F9164F222FEC5D004CCE93 /* AppDelegate.swift in Sources */,
				84D4AD002253F859008A0030 /* ALaCarteController.swift in Sources */,
			);
			runOnlyForDeploymentPostprocessing = 0;
		};
/* End PBXSourcesBuildPhase section */

/* Begin PBXVariantGroup section */
		84F91652222FEC5D004CCE93 /* Main.storyboard */ = {
			isa = PBXVariantGroup;
			children = (
				84F91653222FEC5D004CCE93 /* Base */,
			);
			name = Main.storyboard;
			sourceTree = "<group>";
		};
		84F91657222FEC5F004CCE93 /* LaunchScreen.storyboard */ = {
			isa = PBXVariantGroup;
			children = (
				84F91658222FEC5F004CCE93 /* Base */,
			);
			name = LaunchScreen.storyboard;
			sourceTree = "<group>";
		};
/* End PBXVariantGroup section */

/* Begin XCBuildConfiguration section */
		84F9165B222FEC5F004CCE93 /* Debug */ = {
			isa = XCBuildConfiguration;
			buildSettings = {
				ALWAYS_SEARCH_USER_PATHS = NO;
				CLANG_ANALYZER_NONNULL = YES;
				CLANG_ANALYZER_NUMBER_OBJECT_CONVERSION = YES_AGGRESSIVE;
				CLANG_CXX_LANGUAGE_STANDARD = "gnu++14";
				CLANG_CXX_LIBRARY = "libc++";
				CLANG_ENABLE_MODULES = YES;
				CLANG_ENABLE_OBJC_ARC = YES;
				CLANG_ENABLE_OBJC_WEAK = YES;
				CLANG_WARN_BLOCK_CAPTURE_AUTORELEASING = YES;
				CLANG_WARN_BOOL_CONVERSION = YES;
				CLANG_WARN_COMMA = YES;
				CLANG_WARN_CONSTANT_CONVERSION = YES;
				CLANG_WARN_DEPRECATED_OBJC_IMPLEMENTATIONS = YES;
				CLANG_WARN_DIRECT_OBJC_ISA_USAGE = YES_ERROR;
				CLANG_WARN_DOCUMENTATION_COMMENTS = YES;
				CLANG_WARN_EMPTY_BODY = YES;
				CLANG_WARN_ENUM_CONVERSION = YES;
				CLANG_WARN_INFINITE_RECURSION = YES;
				CLANG_WARN_INT_CONVERSION = YES;
				CLANG_WARN_NON_LITERAL_NULL_CONVERSION = YES;
				CLANG_WARN_OBJC_IMPLICIT_RETAIN_SELF = YES;
				CLANG_WARN_OBJC_LITERAL_CONVERSION = YES;
				CLANG_WARN_OBJC_ROOT_CLASS = YES_ERROR;
				CLANG_WARN_RANGE_LOOP_ANALYSIS = YES;
				CLANG_WARN_STRICT_PROTOTYPES = YES;
				CLANG_WARN_SUSPICIOUS_MOVE = YES;
				CLANG_WARN_UNGUARDED_AVAILABILITY = YES_AGGRESSIVE;
				CLANG_WARN_UNREACHABLE_CODE = YES;
				CLANG_WARN__DUPLICATE_METHOD_MATCH = YES;
				CODE_SIGN_IDENTITY = "iPhone Developer";
				COPY_PHASE_STRIP = NO;
				DEBUG_INFORMATION_FORMAT = dwarf;
				ENABLE_STRICT_OBJC_MSGSEND = YES;
				ENABLE_TESTABILITY = YES;
				GCC_C_LANGUAGE_STANDARD = gnu11;
				GCC_DYNAMIC_NO_PIC = NO;
				GCC_NO_COMMON_BLOCKS = YES;
				GCC_OPTIMIZATION_LEVEL = 0;
				GCC_PREPROCESSOR_DEFINITIONS = (
					"DEBUG=1",
					"$(inherited)",
				);
				GCC_WARN_64_TO_32_BIT_CONVERSION = YES;
				GCC_WARN_ABOUT_RETURN_TYPE = YES_ERROR;
				GCC_WARN_UNDECLARED_SELECTOR = YES;
				GCC_WARN_UNINITIALIZED_AUTOS = YES_AGGRESSIVE;
				GCC_WARN_UNUSED_FUNCTION = YES;
				GCC_WARN_UNUSED_VARIABLE = YES;
				IPHONEOS_DEPLOYMENT_TARGET = 11.4;
				MTL_ENABLE_DEBUG_INFO = YES;
				ONLY_ACTIVE_ARCH = YES;
				SDKROOT = iphoneos;
				SWIFT_ACTIVE_COMPILATION_CONDITIONS = DEBUG;
				SWIFT_OPTIMIZATION_LEVEL = "-Onone";
			};
			name = Debug;
		};
		84F9165C222FEC5F004CCE93 /* Release */ = {
			isa = XCBuildConfiguration;
			buildSettings = {
				ALWAYS_SEARCH_USER_PATHS = NO;
				CLANG_ANALYZER_NONNULL = YES;
				CLANG_ANALYZER_NUMBER_OBJECT_CONVERSION = YES_AGGRESSIVE;
				CLANG_CXX_LANGUAGE_STANDARD = "gnu++14";
				CLANG_CXX_LIBRARY = "libc++";
				CLANG_ENABLE_MODULES = YES;
				CLANG_ENABLE_OBJC_ARC = YES;
				CLANG_ENABLE_OBJC_WEAK = YES;
				CLANG_WARN_BLOCK_CAPTURE_AUTORELEASING = YES;
				CLANG_WARN_BOOL_CONVERSION = YES;
				CLANG_WARN_COMMA = YES;
				CLANG_WARN_CONSTANT_CONVERSION = YES;
				CLANG_WARN_DEPRECATED_OBJC_IMPLEMENTATIONS = YES;
				CLANG_WARN_DIRECT_OBJC_ISA_USAGE = YES_ERROR;
				CLANG_WARN_DOCUMENTATION_COMMENTS = YES;
				CLANG_WARN_EMPTY_BODY = YES;
				CLANG_WARN_ENUM_CONVERSION = YES;
				CLANG_WARN_INFINITE_RECURSION = YES;
				CLANG_WARN_INT_CONVERSION = YES;
				CLANG_WARN_NON_LITERAL_NULL_CONVERSION = YES;
				CLANG_WARN_OBJC_IMPLICIT_RETAIN_SELF = YES;
				CLANG_WARN_OBJC_LITERAL_CONVERSION = YES;
				CLANG_WARN_OBJC_ROOT_CLASS = YES_ERROR;
				CLANG_WARN_RANGE_LOOP_ANALYSIS = YES;
				CLANG_WARN_STRICT_PROTOTYPES = YES;
				CLANG_WARN_SUSPICIOUS_MOVE = YES;
				CLANG_WARN_UNGUARDED_AVAILABILITY = YES_AGGRESSIVE;
				CLANG_WARN_UNREACHABLE_CODE = YES;
				CLANG_WARN__DUPLICATE_METHOD_MATCH = YES;
				CODE_SIGN_IDENTITY = "iPhone Developer";
				COPY_PHASE_STRIP = NO;
				DEBUG_INFORMATION_FORMAT = "dwarf-with-dsym";
				ENABLE_NS_ASSERTIONS = NO;
				ENABLE_STRICT_OBJC_MSGSEND = YES;
				GCC_C_LANGUAGE_STANDARD = gnu11;
				GCC_NO_COMMON_BLOCKS = YES;
				GCC_WARN_64_TO_32_BIT_CONVERSION = YES;
				GCC_WARN_ABOUT_RETURN_TYPE = YES_ERROR;
				GCC_WARN_UNDECLARED_SELECTOR = YES;
				GCC_WARN_UNINITIALIZED_AUTOS = YES_AGGRESSIVE;
				GCC_WARN_UNUSED_FUNCTION = YES;
				GCC_WARN_UNUSED_VARIABLE = YES;
				IPHONEOS_DEPLOYMENT_TARGET = 11.4;
				MTL_ENABLE_DEBUG_INFO = NO;
				SDKROOT = iphoneos;
				SWIFT_COMPILATION_MODE = wholemodule;
				SWIFT_OPTIMIZATION_LEVEL = "-O";
				VALIDATE_PRODUCT = YES;
			};
			name = Release;
		};
		84F9165E222FEC5F004CCE93 /* Debug */ = {
			isa = XCBuildConfiguration;
			buildSettings = {
				ASSETCATALOG_COMPILER_APPICON_NAME = AppIcon;
				CODE_SIGN_STYLE = Automatic;
				INFOPLIST_FILE = MonRestoDuMonde/Info.plist;
				LD_RUNPATH_SEARCH_PATHS = (
					"$(inherited)",
					"@executable_path/Frameworks",
				);
				PRODUCT_BUNDLE_IDENTIFIER = Luc.MonRestoDuMonde;
				PRODUCT_NAME = "$(TARGET_NAME)";
				SWIFT_VERSION = 4.0;
				TARGETED_DEVICE_FAMILY = "1,2";
			};
			name = Debug;
		};
		84F9165F222FEC5F004CCE93 /* Release */ = {
			isa = XCBuildConfiguration;
			buildSettings = {
				ASSETCATALOG_COMPILER_APPICON_NAME = AppIcon;
				CODE_SIGN_STYLE = Automatic;
				INFOPLIST_FILE = MonRestoDuMonde/Info.plist;
				LD_RUNPATH_SEARCH_PATHS = (
					"$(inherited)",
					"@executable_path/Frameworks",
				);
				PRODUCT_BUNDLE_IDENTIFIER = Luc.MonRestoDuMonde;
				PRODUCT_NAME = "$(TARGET_NAME)";
				SWIFT_VERSION = 4.0;
				TARGETED_DEVICE_FAMILY = "1,2";
			};
			name = Release;
		};
/* End XCBuildConfiguration section */

/* Begin XCConfigurationList section */
		84F91646222FEC5D004CCE93 /* Build configuration list for PBXProject "MonRestoDuMonde" */ = {
			isa = XCConfigurationList;
			buildConfigurations = (
				84F9165B222FEC5F004CCE93 /* Debug */,
				84F9165C222FEC5F004CCE93 /* Release */,
			);
			defaultConfigurationIsVisible = 0;
			defaultConfigurationName = Release;
		};
		84F9165D222FEC5F004CCE93 /* Build configuration list for PBXNativeTarget "MonRestoDuMonde" */ = {
			isa = XCConfigurationList;
			buildConfigurations = (
				84F9165E222FEC5F004CCE93 /* Debug */,
				84F9165F222FEC5F004CCE93 /* Release */,
			);
			defaultConfigurationIsVisible = 0;
			defaultConfigurationName = Release;
		};
/* End XCConfigurationList section */
	};
	rootObject = 84F91643222FEC5D004CCE93 /* Project object */;
}
